// !$*UTF8*$!
{
	archiveVersion = 1;
	classes = {
	};
	objectVersion = 46;
	objects = {

/* Begin PBXBuildFile section */
		BC1AE5781D61D93400620531 /* AppDelegate.swift in Sources */ = {isa = PBXBuildFile; fileRef = BC1AE5771D61D93400620531 /* AppDelegate.swift */; };
		BC1AE57A1D61D93400620531 /* ViewController.swift in Sources */ = {isa = PBXBuildFile; fileRef = BC1AE5791D61D93400620531 /* ViewController.swift */; };
		BC1AE57D1D61D93400620531 /* Main.storyboard in Resources */ = {isa = PBXBuildFile; fileRef = BC1AE57B1D61D93400620531 /* Main.storyboard */; };
		BC1AE57F1D61D93400620531 /* Assets.xcassets in Resources */ = {isa = PBXBuildFile; fileRef = BC1AE57E1D61D93400620531 /* Assets.xcassets */; };
		BC1AE5821D61D93400620531 /* LaunchScreen.storyboard in Resources */ = {isa = PBXBuildFile; fileRef = BC1AE5801D61D93400620531 /* LaunchScreen.storyboard */; };
		BC1AE58D1D61D93500620531 /* FinestFoodTests.swift in Sources */ = {isa = PBXBuildFile; fileRef = BC1AE58C1D61D93500620531 /* FinestFoodTests.swift */; };
		BC1AE5981D61D93500620531 /* FinestFoodUITests.swift in Sources */ = {isa = PBXBuildFile; fileRef = BC1AE5971D61D93500620531 /* FinestFoodUITests.swift */; };
		BC273CDC1D6332A7008839EE /* BaseViewController.swift in Sources */ = {isa = PBXBuildFile; fileRef = BC273CD41D6332A7008839EE /* BaseViewController.swift */; };
		BC273CDD1D6332A7008839EE /* Constant.swift in Sources */ = {isa = PBXBuildFile; fileRef = BC273CD51D6332A7008839EE /* Constant.swift */; };
		BC273CDE1D6332A7008839EE /* MainTabBarController.swift in Sources */ = {isa = PBXBuildFile; fileRef = BC273CD61D6332A7008839EE /* MainTabBarController.swift */; };
		BC273CDF1D6332A7008839EE /* MyDownloader.swift in Sources */ = {isa = PBXBuildFile; fileRef = BC273CD71D6332A7008839EE /* MyDownloader.swift */; };
		BC273CE11D6332A7008839EE /* UIButton+Util.swift in Sources */ = {isa = PBXBuildFile; fileRef = BC273CD91D6332A7008839EE /* UIButton+Util.swift */; };
		BC273CE21D6332A7008839EE /* UIImageView+Util.swift in Sources */ = {isa = PBXBuildFile; fileRef = BC273CDA1D6332A7008839EE /* UIImageView+Util.swift */; };
		BC273CE31D6332A7008839EE /* UILabel+Util.swift in Sources */ = {isa = PBXBuildFile; fileRef = BC273CDB1D6332A7008839EE /* UILabel+Util.swift */; };
		BC273CE51D6332ED008839EE /* FoodListViewController.swift in Sources */ = {isa = PBXBuildFile; fileRef = BC273CE41D6332ED008839EE /* FoodListViewController.swift */; };
		BC273CE71D63330F008839EE /* FoodSubjectViewController.swift in Sources */ = {isa = PBXBuildFile; fileRef = BC273CE61D63330F008839EE /* FoodSubjectViewController.swift */; };
		BC273CE91D633329008839EE /* CategoryViewController.swift in Sources */ = {isa = PBXBuildFile; fileRef = BC273CE81D633329008839EE /* CategoryViewController.swift */; };
		BC273CEB1D633336008839EE /* MoreViewController.swift in Sources */ = {isa = PBXBuildFile; fileRef = BC273CEA1D633336008839EE /* MoreViewController.swift */; };
		BC273CEF1D633371008839EE /* MineViewController.swift in Sources */ = {isa = PBXBuildFile; fileRef = BC273CEE1D633371008839EE /* MineViewController.swift */; };
		BC273D121D6339ED008839EE /* nav_back_black.png in Resources */ = {isa = PBXBuildFile; fileRef = BC273CF11D6339EC008839EE /* nav_back_black.png */; };
		BC273D131D6339ED008839EE /* nav_back_white.png in Resources */ = {isa = PBXBuildFile; fileRef = BC273CF21D6339EC008839EE /* nav_back_white.png */; };
		BC273D141D6339ED008839EE /* navBar.png in Resources */ = {isa = PBXBuildFile; fileRef = BC273CF31D6339EC008839EE /* navBar.png */; };
		BC273D151D6339ED008839EE /* navBtn_bag.png in Resources */ = {isa = PBXBuildFile; fileRef = BC273CF41D6339EC008839EE /* navBtn_bag.png */; };
		BC273D161D6339ED008839EE /* saoyisao@2x.png in Resources */ = {isa = PBXBuildFile; fileRef = BC273CF51D6339EC008839EE /* saoyisao@2x.png */; };
		BC273D171D6339ED008839EE /* saoyisao@3x.png in Resources */ = {isa = PBXBuildFile; fileRef = BC273CF61D6339EC008839EE /* saoyisao@3x.png */; };
		BC273D181D6339ED008839EE /* search@2x.png in Resources */ = {isa = PBXBuildFile; fileRef = BC273CF71D6339EC008839EE /* search@2x.png */; };
		BC273D191D6339ED008839EE /* search@3x.png in Resources */ = {isa = PBXBuildFile; fileRef = BC273CF81D6339EC008839EE /* search@3x.png */; };
		BC273D1A1D6339ED008839EE /* community_normal@2x.png in Resources */ = {isa = PBXBuildFile; fileRef = BC273CFA1D6339EC008839EE /* community_normal@2x.png */; };
		BC273D1B1D6339ED008839EE /* community_normal@3x.png in Resources */ = {isa = PBXBuildFile; fileRef = BC273CFB1D6339EC008839EE /* community_normal@3x.png */; };
		BC273D1C1D6339ED008839EE /* community_select@2x.png in Resources */ = {isa = PBXBuildFile; fileRef = BC273CFC1D6339EC008839EE /* community_select@2x.png */; };
		BC273D1D1D6339ED008839EE /* community_select@3x.png in Resources */ = {isa = PBXBuildFile; fileRef = BC273CFD1D6339EC008839EE /* community_select@3x.png */; };
		BC273D1E1D6339ED008839EE /* home_normal@2x.png in Resources */ = {isa = PBXBuildFile; fileRef = BC273CFE1D6339EC008839EE /* home_normal@2x.png */; };
		BC273D1F1D6339ED008839EE /* home_normal@3x.png in Resources */ = {isa = PBXBuildFile; fileRef = BC273CFF1D6339EC008839EE /* home_normal@3x.png */; };
		BC273D201D6339ED008839EE /* home_select@2x.png in Resources */ = {isa = PBXBuildFile; fileRef = BC273D001D6339EC008839EE /* home_select@2x.png */; };
		BC273D211D6339ED008839EE /* home_select@3x.png in Resources */ = {isa = PBXBuildFile; fileRef = BC273D011D6339EC008839EE /* home_select@3x.png */; };
		BC273D221D6339ED008839EE /* mine_normal@2x.png in Resources */ = {isa = PBXBuildFile; fileRef = BC273D021D6339EC008839EE /* mine_normal@2x.png */; };
		BC273D231D6339ED008839EE /* mine_normal@3x.png in Resources */ = {isa = PBXBuildFile; fileRef = BC273D031D6339EC008839EE /* mine_normal@3x.png */; };
		BC273D241D6339ED008839EE /* mine_select@2x.png in Resources */ = {isa = PBXBuildFile; fileRef = BC273D041D6339EC008839EE /* mine_select@2x.png */; };
		BC273D251D6339ED008839EE /* mine_select@3x.png in Resources */ = {isa = PBXBuildFile; fileRef = BC273D051D6339EC008839EE /* mine_select@3x.png */; };
		BC273D261D6339ED008839EE /* report_normal@2x.png in Resources */ = {isa = PBXBuildFile; fileRef = BC273D061D6339EC008839EE /* report_normal@2x.png */; };
		BC273D271D6339ED008839EE /* report_normal@3x.png in Resources */ = {isa = PBXBuildFile; fileRef = BC273D071D6339EC008839EE /* report_normal@3x.png */; };
		BC273D281D6339ED008839EE /* report_select@2x.png in Resources */ = {isa = PBXBuildFile; fileRef = BC273D081D6339EC008839EE /* report_select@2x.png */; };
		BC273D291D6339ED008839EE /* report_select@3x.png in Resources */ = {isa = PBXBuildFile; fileRef = BC273D091D6339EC008839EE /* report_select@3x.png */; };
		BC273D2A1D6339ED008839EE /* shike_normal@2x.png in Resources */ = {isa = PBXBuildFile; fileRef = BC273D0A1D6339ED008839EE /* shike_normal@2x.png */; };
		BC273D2B1D6339ED008839EE /* shike_normal@3x.png in Resources */ = {isa = PBXBuildFile; fileRef = BC273D0B1D6339ED008839EE /* shike_normal@3x.png */; };
		BC273D2C1D6339ED008839EE /* shike_select@2x.png in Resources */ = {isa = PBXBuildFile; fileRef = BC273D0C1D6339ED008839EE /* shike_select@2x.png */; };
		BC273D2D1D6339ED008839EE /* shike_select@3x.png in Resources */ = {isa = PBXBuildFile; fileRef = BC273D0D1D6339ED008839EE /* shike_select@3x.png */; };
		BC273D2E1D6339ED008839EE /* shop_normal@2x.png in Resources */ = {isa = PBXBuildFile; fileRef = BC273D0E1D6339ED008839EE /* shop_normal@2x.png */; };
		BC273D2F1D6339ED008839EE /* shop_normal@3x.png in Resources */ = {isa = PBXBuildFile; fileRef = BC273D0F1D6339ED008839EE /* shop_normal@3x.png */; };
		BC273D301D6339ED008839EE /* shop_select@2x.png in Resources */ = {isa = PBXBuildFile; fileRef = BC273D101D6339ED008839EE /* shop_select@2x.png */; };
		BC273D311D6339ED008839EE /* shop_select@3x.png in Resources */ = {isa = PBXBuildFile; fileRef = BC273D111D6339ED008839EE /* shop_select@3x.png */; };
		BC273D331D634B69008839EE /* FSScrollViewDataModel.swift in Sources */ = {isa = PBXBuildFile; fileRef = BC273D321D634B69008839EE /* FSScrollViewDataModel.swift */; };
		BC7061701D65340800046459 /* shixin.png in Resources */ = {isa = PBXBuildFile; fileRef = BC70616F1D65340800046459 /* shixin.png */; };
		BC7061E81D65D41000046459 /* FoodListItemModel.swift in Sources */ = {isa = PBXBuildFile; fileRef = BC7061E71D65D41000046459 /* FoodListItemModel.swift */; };
		BC85E8301D67F91A0036480F /* CGCollectionsModel.swift in Sources */ = {isa = PBXBuildFile; fileRef = BC85E82F1D67F91A0036480F /* CGCollectionsModel.swift */; };
		BC85E8321D67FC5A0036480F /* CGHomeOutModel.swift in Sources */ = {isa = PBXBuildFile; fileRef = BC85E8311D67FC5A0036480F /* CGHomeOutModel.swift */; };
		BC85E8351D68041B0036480F /* CGSubjectCell.swift in Sources */ = {isa = PBXBuildFile; fileRef = BC85E8331D68041B0036480F /* CGSubjectCell.swift */; };
		BC85E8361D68041B0036480F /* CGSubjectCell.xib in Resources */ = {isa = PBXBuildFile; fileRef = BC85E8341D68041B0036480F /* CGSubjectCell.xib */; };
		BC85E8391D6813D70036480F /* CGHomeOutCell.swift in Sources */ = {isa = PBXBuildFile; fileRef = BC85E8371D6813D70036480F /* CGHomeOutCell.swift */; };
		BC92EE171D6BD1C2003E6094 /* FSScrollViewListViewController.swift in Sources */ = {isa = PBXBuildFile; fileRef = BC92EE161D6BD1C2003E6094 /* FSScrollViewListViewController.swift */; };
		BC92EE501D6C32A7003E6094 /* FoodMoreListView.swift in Sources */ = {isa = PBXBuildFile; fileRef = BC92EE4F1D6C32A7003E6094 /* FoodMoreListView.swift */; };
		BC92EE531D6C32D8003E6094 /* FoodMoreListCell.swift in Sources */ = {isa = PBXBuildFile; fileRef = BC92EE511D6C32D8003E6094 /* FoodMoreListCell.swift */; };
		BC92EE541D6C32D8003E6094 /* FoodMoreListCell.xib in Resources */ = {isa = PBXBuildFile; fileRef = BC92EE521D6C32D8003E6094 /* FoodMoreListCell.xib */; };
		BC92EE561D6C34A8003E6094 /* Util.swift in Sources */ = {isa = PBXBuildFile; fileRef = BC92EE551D6C34A8003E6094 /* Util.swift */; };
		BC92EE581D6C3E24003E6094 /* FSFoodMoreListModel.swift in Sources */ = {isa = PBXBuildFile; fileRef = BC92EE571D6C3E24003E6094 /* FSFoodMoreListModel.swift */; };
		BCADC05B1D6459130086605C /* UIView+Util.swift in Sources */ = {isa = PBXBuildFile; fileRef = BCADC05A1D6459130086605C /* UIView+Util.swift */; };
		BCADC05D1D646AE50086605C /* jiantou.png in Resources */ = {isa = PBXBuildFile; fileRef = BCADC05C1D646AE50086605C /* jiantou.png */; };
		BCADC05F1D64810F0086605C /* FoodSubjectListView.swift in Sources */ = {isa = PBXBuildFile; fileRef = BCADC05E1D64810F0086605C /* FoodSubjectListView.swift */; };
		BCADC0621D6489FE0086605C /* FSAdCell.swift in Sources */ = {isa = PBXBuildFile; fileRef = BCADC0601D6489FE0086605C /* FSAdCell.swift */; };
		BCADC0631D6489FE0086605C /* FSAdCell.xib in Resources */ = {isa = PBXBuildFile; fileRef = BCADC0611D6489FE0086605C /* FSAdCell.xib */; };
		BCADC0661D649D430086605C /* FoodListCell.swift in Sources */ = {isa = PBXBuildFile; fileRef = BCADC0641D649D430086605C /* FoodListCell.swift */; };
		BCADC0671D649D430086605C /* FoodListCell.xib in Resources */ = {isa = PBXBuildFile; fileRef = BCADC0651D649D430086605C /* FoodListCell.xib */; };
		BCADC06B1D64B3BA0086605C /* FSFoodListModel.swift in Sources */ = {isa = PBXBuildFile; fileRef = BCADC0681D64A6A60086605C /* FSFoodListModel.swift */; };
		BCCA1DC81D6D8D5D0031F7C1 /* FoodDetailViewController.swift in Sources */ = {isa = PBXBuildFile; fileRef = BCCA1DC71D6D8D5D0031F7C1 /* FoodDetailViewController.swift */; };
		BCCA1DCA1D6D93480031F7C1 /* FoodDetailModel.swift in Sources */ = {isa = PBXBuildFile; fileRef = BCCA1DC91D6D93480031F7C1 /* FoodDetailModel.swift */; };
		BCCA1DCD1D6D9F260031F7C1 /* FoodDetailCell.swift in Sources */ = {isa = PBXBuildFile; fileRef = BCCA1DCB1D6D9F260031F7C1 /* FoodDetailCell.swift */; };
		BCCA1DCE1D6D9F260031F7C1 /* FoodDetailCell.xib in Resources */ = {isa = PBXBuildFile; fileRef = BCCA1DCC1D6D9F260031F7C1 /* FoodDetailCell.xib */; };
		BCCA1DD41D6DC5190031F7C1 /* fdlikes.png in Resources */ = {isa = PBXBuildFile; fileRef = BCCA1DD31D6DC5190031F7C1 /* fdlikes.png */; };
		BCCA1DD61D6DC5520031F7C1 /* fdshare.png in Resources */ = {isa = PBXBuildFile; fileRef = BCCA1DD51D6DC5520031F7C1 /* fdshare.png */; };
		BCCA1DD81D6DC6060031F7C1 /* fdcomment.png in Resources */ = {isa = PBXBuildFile; fileRef = BCCA1DD71D6DC6060031F7C1 /* fdcomment.png */; };
		BCCA1DDA1D6DC7C40031F7C1 /* FoodDetailWebCell.swift in Sources */ = {isa = PBXBuildFile; fileRef = BCCA1DD91D6DC7C40031F7C1 /* FoodDetailWebCell.swift */; };
		BCCF337B1D6B3CC9009A9EB8 /* MineProfileCell.swift in Sources */ = {isa = PBXBuildFile; fileRef = BCCF33791D6B3CC9009A9EB8 /* MineProfileCell.swift */; };
		BCCF337C1D6B3CC9009A9EB8 /* MineProfileCell.xib in Resources */ = {isa = PBXBuildFile; fileRef = BCCF337A1D6B3CC9009A9EB8 /* MineProfileCell.xib */; };
		BCCF337E1D6B40E7009A9EB8 /* setting.png in Resources */ = {isa = PBXBuildFile; fileRef = BCCF337D1D6B40E7009A9EB8 /* setting.png */; };
		BCCF33801D6B4143009A9EB8 /* alert.png in Resources */ = {isa = PBXBuildFile; fileRef = BCCF337F1D6B4143009A9EB8 /* alert.png */; };
		BCCF33821D6B41B1009A9EB8 /* profileImage.png in Resources */ = {isa = PBXBuildFile; fileRef = BCCF33811D6B41B1009A9EB8 /* profileImage.png */; };
		BCCF33861D6B4299009A9EB8 /* mineProfileBg.png in Resources */ = {isa = PBXBuildFile; fileRef = BCCF33851D6B4299009A9EB8 /* mineProfileBg.png */; };
		BCCF33881D6B4313009A9EB8 /* mineShixin.png in Resources */ = {isa = PBXBuildFile; fileRef = BCCF33871D6B4313009A9EB8 /* mineShixin.png */; };
		BCF80B721D673046001CA55B /* xin.jpg in Resources */ = {isa = PBXBuildFile; fileRef = BCF80B711D673046001CA55B /* xin.jpg */; };
		BCF80B751D67316C001CA55B /* FSFoodListCell.swift in Sources */ = {isa = PBXBuildFile; fileRef = BCF80B731D67316C001CA55B /* FSFoodListCell.swift */; };
		BCF80B761D67316C001CA55B /* FSFoodListCell.xib in Resources */ = {isa = PBXBuildFile; fileRef = BCF80B741D67316C001CA55B /* FSFoodListCell.xib */; };
		BCF80B781D673D4B001CA55B /* xin.png in Resources */ = {isa = PBXBuildFile; fileRef = BCF80B771D673D4B001CA55B /* xin.png */; };
		BCF80B7A1D6742DB001CA55B /* sdefaultImage.png in Resources */ = {isa = PBXBuildFile; fileRef = BCF80B791D6742DB001CA55B /* sdefaultImage.png */; };
		BF94887BC4B172C1983B1703 /* Pods_FinestFood.framework in Frameworks */ = {isa = PBXBuildFile; fileRef = B6FC5548DE928ADA561DF06B /* Pods_FinestFood.framework */; };
/* End PBXBuildFile section */

/* Begin PBXContainerItemProxy section */
		BC1AE5891D61D93500620531 /* PBXContainerItemProxy */ = {
			isa = PBXContainerItemProxy;
			containerPortal = BC1AE56C1D61D93400620531 /* Project object */;
			proxyType = 1;
			remoteGlobalIDString = BC1AE5731D61D93400620531;
			remoteInfo = FinestFood;
		};
		BC1AE5941D61D93500620531 /* PBXContainerItemProxy */ = {
			isa = PBXContainerItemProxy;
			containerPortal = BC1AE56C1D61D93400620531 /* Project object */;
			proxyType = 1;
			remoteGlobalIDString = BC1AE5731D61D93400620531;
			remoteInfo = FinestFood;
		};
/* End PBXContainerItemProxy section */

/* Begin PBXFileReference section */
		5C577F1872D7854C05E757F1 /* Pods-FinestFood.debug.xcconfig */ = {isa = PBXFileReference; includeInIndex = 1; lastKnownFileType = text.xcconfig; name = "Pods-FinestFood.debug.xcconfig"; path = "Pods/Target Support Files/Pods-FinestFood/Pods-FinestFood.debug.xcconfig"; sourceTree = "<group>"; };
		B6FC5548DE928ADA561DF06B /* Pods_FinestFood.framework */ = {isa = PBXFileReference; explicitFileType = wrapper.framework; includeInIndex = 0; path = Pods_FinestFood.framework; sourceTree = BUILT_PRODUCTS_DIR; };
		BC1AE5741D61D93400620531 /* FinestFood.app */ = {isa = PBXFileReference; explicitFileType = wrapper.application; includeInIndex = 0; path = FinestFood.app; sourceTree = BUILT_PRODUCTS_DIR; };
		BC1AE5771D61D93400620531 /* AppDelegate.swift */ = {isa = PBXFileReference; lastKnownFileType = sourcecode.swift; path = AppDelegate.swift; sourceTree = "<group>"; };
		BC1AE5791D61D93400620531 /* ViewController.swift */ = {isa = PBXFileReference; lastKnownFileType = sourcecode.swift; path = ViewController.swift; sourceTree = "<group>"; };
		BC1AE57C1D61D93400620531 /* Base */ = {isa = PBXFileReference; lastKnownFileType = file.storyboard; name = Base; path = Base.lproj/Main.storyboard; sourceTree = "<group>"; };
		BC1AE57E1D61D93400620531 /* Assets.xcassets */ = {isa = PBXFileReference; lastKnownFileType = folder.assetcatalog; path = Assets.xcassets; sourceTree = "<group>"; };
		BC1AE5811D61D93400620531 /* Base */ = {isa = PBXFileReference; lastKnownFileType = file.storyboard; name = Base; path = Base.lproj/LaunchScreen.storyboard; sourceTree = "<group>"; };
		BC1AE5831D61D93500620531 /* Info.plist */ = {isa = PBXFileReference; lastKnownFileType = text.plist.xml; path = Info.plist; sourceTree = "<group>"; };
		BC1AE5881D61D93500620531 /* FinestFoodTests.xctest */ = {isa = PBXFileReference; explicitFileType = wrapper.cfbundle; includeInIndex = 0; path = FinestFoodTests.xctest; sourceTree = BUILT_PRODUCTS_DIR; };
		BC1AE58C1D61D93500620531 /* FinestFoodTests.swift */ = {isa = PBXFileReference; lastKnownFileType = sourcecode.swift; path = FinestFoodTests.swift; sourceTree = "<group>"; };
		BC1AE58E1D61D93500620531 /* Info.plist */ = {isa = PBXFileReference; lastKnownFileType = text.plist.xml; path = Info.plist; sourceTree = "<group>"; };
		BC1AE5931D61D93500620531 /* FinestFoodUITests.xctest */ = {isa = PBXFileReference; explicitFileType = wrapper.cfbundle; includeInIndex = 0; path = FinestFoodUITests.xctest; sourceTree = BUILT_PRODUCTS_DIR; };
		BC1AE5971D61D93500620531 /* FinestFoodUITests.swift */ = {isa = PBXFileReference; lastKnownFileType = sourcecode.swift; path = FinestFoodUITests.swift; sourceTree = "<group>"; };
		BC1AE5991D61D93500620531 /* Info.plist */ = {isa = PBXFileReference; lastKnownFileType = text.plist.xml; path = Info.plist; sourceTree = "<group>"; };
		BC273CD41D6332A7008839EE /* BaseViewController.swift */ = {isa = PBXFileReference; fileEncoding = 4; lastKnownFileType = sourcecode.swift; path = BaseViewController.swift; sourceTree = "<group>"; };
		BC273CD51D6332A7008839EE /* Constant.swift */ = {isa = PBXFileReference; fileEncoding = 4; lastKnownFileType = sourcecode.swift; path = Constant.swift; sourceTree = "<group>"; };
		BC273CD61D6332A7008839EE /* MainTabBarController.swift */ = {isa = PBXFileReference; fileEncoding = 4; lastKnownFileType = sourcecode.swift; path = MainTabBarController.swift; sourceTree = "<group>"; };
		BC273CD71D6332A7008839EE /* MyDownloader.swift */ = {isa = PBXFileReference; fileEncoding = 4; lastKnownFileType = sourcecode.swift; path = MyDownloader.swift; sourceTree = "<group>"; };
		BC273CD91D6332A7008839EE /* UIButton+Util.swift */ = {isa = PBXFileReference; fileEncoding = 4; lastKnownFileType = sourcecode.swift; path = "UIButton+Util.swift"; sourceTree = "<group>"; };
		BC273CDA1D6332A7008839EE /* UIImageView+Util.swift */ = {isa = PBXFileReference; fileEncoding = 4; lastKnownFileType = sourcecode.swift; path = "UIImageView+Util.swift"; sourceTree = "<group>"; };
		BC273CDB1D6332A7008839EE /* UILabel+Util.swift */ = {isa = PBXFileReference; fileEncoding = 4; lastKnownFileType = sourcecode.swift; path = "UILabel+Util.swift"; sourceTree = "<group>"; };
		BC273CE41D6332ED008839EE /* FoodListViewController.swift */ = {isa = PBXFileReference; fileEncoding = 4; lastKnownFileType = sourcecode.swift; name = FoodListViewController.swift; path = ../../../FoodSubject/homePage/controllers/FoodListViewController.swift; sourceTree = "<group>"; };
		BC273CE61D63330F008839EE /* FoodSubjectViewController.swift */ = {isa = PBXFileReference; fileEncoding = 4; lastKnownFileType = sourcecode.swift; path = FoodSubjectViewController.swift; sourceTree = "<group>"; };
		BC273CE81D633329008839EE /* CategoryViewController.swift */ = {isa = PBXFileReference; fileEncoding = 4; lastKnownFileType = sourcecode.swift; path = CategoryViewController.swift; sourceTree = "<group>"; };
		BC273CEA1D633336008839EE /* MoreViewController.swift */ = {isa = PBXFileReference; fileEncoding = 4; lastKnownFileType = sourcecode.swift; path = MoreViewController.swift; sourceTree = "<group>"; };
		BC273CEE1D633371008839EE /* MineViewController.swift */ = {isa = PBXFileReference; fileEncoding = 4; lastKnownFileType = sourcecode.swift; path = MineViewController.swift; sourceTree = "<group>"; };
		BC273CF11D6339EC008839EE /* nav_back_black.png */ = {isa = PBXFileReference; lastKnownFileType = image.png; path = nav_back_black.png; sourceTree = "<group>"; };
		BC273CF21D6339EC008839EE /* nav_back_white.png */ = {isa = PBXFileReference; lastKnownFileType = image.png; path = nav_back_white.png; sourceTree = "<group>"; };
		BC273CF31D6339EC008839EE /* navBar.png */ = {isa = PBXFileReference; lastKnownFileType = image.png; path = navBar.png; sourceTree = "<group>"; };
		BC273CF41D6339EC008839EE /* navBtn_bag.png */ = {isa = PBXFileReference; lastKnownFileType = image.png; path = navBtn_bag.png; sourceTree = "<group>"; };
		BC273CF51D6339EC008839EE /* saoyisao@2x.png */ = {isa = PBXFileReference; lastKnownFileType = image.png; path = "saoyisao@2x.png"; sourceTree = "<group>"; };
		BC273CF61D6339EC008839EE /* saoyisao@3x.png */ = {isa = PBXFileReference; lastKnownFileType = image.png; path = "saoyisao@3x.png"; sourceTree = "<group>"; };
		BC273CF71D6339EC008839EE /* search@2x.png */ = {isa = PBXFileReference; lastKnownFileType = image.png; path = "search@2x.png"; sourceTree = "<group>"; };
		BC273CF81D6339EC008839EE /* search@3x.png */ = {isa = PBXFileReference; lastKnownFileType = image.png; path = "search@3x.png"; sourceTree = "<group>"; };
		BC273CFA1D6339EC008839EE /* community_normal@2x.png */ = {isa = PBXFileReference; lastKnownFileType = image.png; path = "community_normal@2x.png"; sourceTree = "<group>"; };
		BC273CFB1D6339EC008839EE /* community_normal@3x.png */ = {isa = PBXFileReference; lastKnownFileType = image.png; path = "community_normal@3x.png"; sourceTree = "<group>"; };
		BC273CFC1D6339EC008839EE /* community_select@2x.png */ = {isa = PBXFileReference; lastKnownFileType = image.png; path = "community_select@2x.png"; sourceTree = "<group>"; };
		BC273CFD1D6339EC008839EE /* community_select@3x.png */ = {isa = PBXFileReference; lastKnownFileType = image.png; path = "community_select@3x.png"; sourceTree = "<group>"; };
		BC273CFE1D6339EC008839EE /* home_normal@2x.png */ = {isa = PBXFileReference; lastKnownFileType = image.png; path = "home_normal@2x.png"; sourceTree = "<group>"; };
		BC273CFF1D6339EC008839EE /* home_normal@3x.png */ = {isa = PBXFileReference; lastKnownFileType = image.png; path = "home_normal@3x.png"; sourceTree = "<group>"; };
		BC273D001D6339EC008839EE /* home_select@2x.png */ = {isa = PBXFileReference; lastKnownFileType = image.png; path = "home_select@2x.png"; sourceTree = "<group>"; };
		BC273D011D6339EC008839EE /* home_select@3x.png */ = {isa = PBXFileReference; lastKnownFileType = image.png; path = "home_select@3x.png"; sourceTree = "<group>"; };
		BC273D021D6339EC008839EE /* mine_normal@2x.png */ = {isa = PBXFileReference; lastKnownFileType = image.png; path = "mine_normal@2x.png"; sourceTree = "<group>"; };
		BC273D031D6339EC008839EE /* mine_normal@3x.png */ = {isa = PBXFileReference; lastKnownFileType = image.png; path = "mine_normal@3x.png"; sourceTree = "<group>"; };
		BC273D041D6339EC008839EE /* mine_select@2x.png */ = {isa = PBXFileReference; lastKnownFileType = image.png; path = "mine_select@2x.png"; sourceTree = "<group>"; };
		BC273D051D6339EC008839EE /* mine_select@3x.png */ = {isa = PBXFileReference; lastKnownFileType = image.png; path = "mine_select@3x.png"; sourceTree = "<group>"; };
		BC273D061D6339EC008839EE /* report_normal@2x.png */ = {isa = PBXFileReference; lastKnownFileType = image.png; path = "report_normal@2x.png"; sourceTree = "<group>"; };
		BC273D071D6339EC008839EE /* report_normal@3x.png */ = {isa = PBXFileReference; lastKnownFileType = image.png; path = "report_normal@3x.png"; sourceTree = "<group>"; };
		BC273D081D6339EC008839EE /* report_select@2x.png */ = {isa = PBXFileReference; lastKnownFileType = image.png; path = "report_select@2x.png"; sourceTree = "<group>"; };
		BC273D091D6339EC008839EE /* report_select@3x.png */ = {isa = PBXFileReference; lastKnownFileType = image.png; path = "report_select@3x.png"; sourceTree = "<group>"; };
		BC273D0A1D6339ED008839EE /* shike_normal@2x.png */ = {isa = PBXFileReference; lastKnownFileType = image.png; path = "shike_normal@2x.png"; sourceTree = "<group>"; };
		BC273D0B1D6339ED008839EE /* shike_normal@3x.png */ = {isa = PBXFileReference; lastKnownFileType = image.png; path = "shike_normal@3x.png"; sourceTree = "<group>"; };
		BC273D0C1D6339ED008839EE /* shike_select@2x.png */ = {isa = PBXFileReference; lastKnownFileType = image.png; path = "shike_select@2x.png"; sourceTree = "<group>"; };
		BC273D0D1D6339ED008839EE /* shike_select@3x.png */ = {isa = PBXFileReference; lastKnownFileType = image.png; path = "shike_select@3x.png"; sourceTree = "<group>"; };
		BC273D0E1D6339ED008839EE /* shop_normal@2x.png */ = {isa = PBXFileReference; lastKnownFileType = image.png; path = "shop_normal@2x.png"; sourceTree = "<group>"; };
		BC273D0F1D6339ED008839EE /* shop_normal@3x.png */ = {isa = PBXFileReference; lastKnownFileType = image.png; path = "shop_normal@3x.png"; sourceTree = "<group>"; };
		BC273D101D6339ED008839EE /* shop_select@2x.png */ = {isa = PBXFileReference; lastKnownFileType = image.png; path = "shop_select@2x.png"; sourceTree = "<group>"; };
		BC273D111D6339ED008839EE /* shop_select@3x.png */ = {isa = PBXFileReference; lastKnownFileType = image.png; path = "shop_select@3x.png"; sourceTree = "<group>"; };
		BC273D321D634B69008839EE /* FSScrollViewDataModel.swift */ = {isa = PBXFileReference; fileEncoding = 4; lastKnownFileType = sourcecode.swift; path = FSScrollViewDataModel.swift; sourceTree = "<group>"; };
		BC70616F1D65340800046459 /* shixin.png */ = {isa = PBXFileReference; lastKnownFileType = image.png; name = shixin.png; path = ../../classes/FoodSubject/homePage/controllers/shixin.png; sourceTree = "<group>"; };
		BC7061E71D65D41000046459 /* FoodListItemModel.swift */ = {isa = PBXFileReference; fileEncoding = 4; lastKnownFileType = sourcecode.swift; path = FoodListItemModel.swift; sourceTree = "<group>"; };
		BC85E82F1D67F91A0036480F /* CGCollectionsModel.swift */ = {isa = PBXFileReference; fileEncoding = 4; lastKnownFileType = sourcecode.swift; path = CGCollectionsModel.swift; sourceTree = "<group>"; };
		BC85E8311D67FC5A0036480F /* CGHomeOutModel.swift */ = {isa = PBXFileReference; fileEncoding = 4; lastKnownFileType = sourcecode.swift; path = CGHomeOutModel.swift; sourceTree = "<group>"; };
		BC85E8331D68041B0036480F /* CGSubjectCell.swift */ = {isa = PBXFileReference; fileEncoding = 4; lastKnownFileType = sourcecode.swift; path = CGSubjectCell.swift; sourceTree = "<group>"; };
		BC85E8341D68041B0036480F /* CGSubjectCell.xib */ = {isa = PBXFileReference; fileEncoding = 4; lastKnownFileType = file.xib; path = CGSubjectCell.xib; sourceTree = "<group>"; };
		BC85E8371D6813D70036480F /* CGHomeOutCell.swift */ = {isa = PBXFileReference; fileEncoding = 4; lastKnownFileType = sourcecode.swift; path = CGHomeOutCell.swift; sourceTree = "<group>"; };
		BC92EE161D6BD1C2003E6094 /* FSScrollViewListViewController.swift */ = {isa = PBXFileReference; fileEncoding = 4; lastKnownFileType = sourcecode.swift; path = FSScrollViewListViewController.swift; sourceTree = "<group>"; };
		BC92EE4F1D6C32A7003E6094 /* FoodMoreListView.swift */ = {isa = PBXFileReference; fileEncoding = 4; lastKnownFileType = sourcecode.swift; path = FoodMoreListView.swift; sourceTree = "<group>"; };
		BC92EE511D6C32D8003E6094 /* FoodMoreListCell.swift */ = {isa = PBXFileReference; fileEncoding = 4; lastKnownFileType = sourcecode.swift; path = FoodMoreListCell.swift; sourceTree = "<group>"; };
		BC92EE521D6C32D8003E6094 /* FoodMoreListCell.xib */ = {isa = PBXFileReference; fileEncoding = 4; lastKnownFileType = file.xib; path = FoodMoreListCell.xib; sourceTree = "<group>"; };
		BC92EE551D6C34A8003E6094 /* Util.swift */ = {isa = PBXFileReference; fileEncoding = 4; lastKnownFileType = sourcecode.swift; path = Util.swift; sourceTree = "<group>"; };
		BC92EE571D6C3E24003E6094 /* FSFoodMoreListModel.swift */ = {isa = PBXFileReference; fileEncoding = 4; lastKnownFileType = sourcecode.swift; path = FSFoodMoreListModel.swift; sourceTree = "<group>"; };
		BCADC05A1D6459130086605C /* UIView+Util.swift */ = {isa = PBXFileReference; fileEncoding = 4; lastKnownFileType = sourcecode.swift; path = "UIView+Util.swift"; sourceTree = "<group>"; };
		BCADC05C1D646AE50086605C /* jiantou.png */ = {isa = PBXFileReference; lastKnownFileType = image.png; name = jiantou.png; path = ../../classes/FoodSubject/homePage/controllers/jiantou.png; sourceTree = "<group>"; };
		BCADC05E1D64810F0086605C /* FoodSubjectListView.swift */ = {isa = PBXFileReference; fileEncoding = 4; lastKnownFileType = sourcecode.swift; name = FoodSubjectListView.swift; path = ../controllers/FoodSubjectListView.swift; sourceTree = "<group>"; };
		BCADC0601D6489FE0086605C /* FSAdCell.swift */ = {isa = PBXFileReference; fileEncoding = 4; lastKnownFileType = sourcecode.swift; name = FSAdCell.swift; path = ../models/FSAdCell.swift; sourceTree = "<group>"; };
		BCADC0611D6489FE0086605C /* FSAdCell.xib */ = {isa = PBXFileReference; fileEncoding = 4; lastKnownFileType = file.xib; name = FSAdCell.xib; path = ../models/FSAdCell.xib; sourceTree = "<group>"; };
		BCADC0641D649D430086605C /* FoodListCell.swift */ = {isa = PBXFileReference; fileEncoding = 4; lastKnownFileType = sourcecode.swift; name = FoodListCell.swift; path = ../models/FoodListCell.swift; sourceTree = "<group>"; };
		BCADC0651D649D430086605C /* FoodListCell.xib */ = {isa = PBXFileReference; fileEncoding = 4; lastKnownFileType = file.xib; name = FoodListCell.xib; path = ../models/FoodListCell.xib; sourceTree = "<group>"; };
		BCADC0681D64A6A60086605C /* FSFoodListModel.swift */ = {isa = PBXFileReference; fileEncoding = 4; lastKnownFileType = sourcecode.swift; path = FSFoodListModel.swift; sourceTree = "<group>"; };
		BCCA1DC71D6D8D5D0031F7C1 /* FoodDetailViewController.swift */ = {isa = PBXFileReference; fileEncoding = 4; lastKnownFileType = sourcecode.swift; path = FoodDetailViewController.swift; sourceTree = "<group>"; };
		BCCA1DC91D6D93480031F7C1 /* FoodDetailModel.swift */ = {isa = PBXFileReference; fileEncoding = 4; lastKnownFileType = sourcecode.swift; path = FoodDetailModel.swift; sourceTree = "<group>"; };
		BCCA1DCB1D6D9F260031F7C1 /* FoodDetailCell.swift */ = {isa = PBXFileReference; fileEncoding = 4; lastKnownFileType = sourcecode.swift; path = FoodDetailCell.swift; sourceTree = "<group>"; };
		BCCA1DCC1D6D9F260031F7C1 /* FoodDetailCell.xib */ = {isa = PBXFileReference; fileEncoding = 4; lastKnownFileType = file.xib; path = FoodDetailCell.xib; sourceTree = "<group>"; };
		BCCA1DD31D6DC5190031F7C1 /* fdlikes.png */ = {isa = PBXFileReference; lastKnownFileType = image.png; path = fdlikes.png; sourceTree = "<group>"; };
		BCCA1DD51D6DC5520031F7C1 /* fdshare.png */ = {isa = PBXFileReference; lastKnownFileType = image.png; path = fdshare.png; sourceTree = "<group>"; };
		BCCA1DD71D6DC6060031F7C1 /* fdcomment.png */ = {isa = PBXFileReference; lastKnownFileType = image.png; path = fdcomment.png; sourceTree = "<group>"; };
		BCCA1DD91D6DC7C40031F7C1 /* FoodDetailWebCell.swift */ = {isa = PBXFileReference; fileEncoding = 4; lastKnownFileType = sourcecode.swift; path = FoodDetailWebCell.swift; sourceTree = "<group>"; };
		BCCF33791D6B3CC9009A9EB8 /* MineProfileCell.swift */ = {isa = PBXFileReference; fileEncoding = 4; lastKnownFileType = sourcecode.swift; path = MineProfileCell.swift; sourceTree = "<group>"; };
		BCCF337A1D6B3CC9009A9EB8 /* MineProfileCell.xib */ = {isa = PBXFileReference; fileEncoding = 4; lastKnownFileType = file.xib; path = MineProfileCell.xib; sourceTree = "<group>"; };
		BCCF337D1D6B40E7009A9EB8 /* setting.png */ = {isa = PBXFileReference; lastKnownFileType = image.png; path = setting.png; sourceTree = "<group>"; };
		BCCF337F1D6B4143009A9EB8 /* alert.png */ = {isa = PBXFileReference; lastKnownFileType = image.png; path = alert.png; sourceTree = "<group>"; };
		BCCF33811D6B41B1009A9EB8 /* profileImage.png */ = {isa = PBXFileReference; lastKnownFileType = image.png; path = profileImage.png; sourceTree = "<group>"; };
		BCCF33851D6B4299009A9EB8 /* mineProfileBg.png */ = {isa = PBXFileReference; lastKnownFileType = image.png; path = mineProfileBg.png; sourceTree = "<group>"; };
		BCCF33871D6B4313009A9EB8 /* mineShixin.png */ = {isa = PBXFileReference; lastKnownFileType = image.png; path = mineShixin.png; sourceTree = "<group>"; };
		BCF80B711D673046001CA55B /* xin.jpg */ = {isa = PBXFileReference; lastKnownFileType = image.jpeg; name = xin.jpg; path = ../../classes/FoodSubject/homePage/views/xin.jpg; sourceTree = "<group>"; };
		BCF80B731D67316C001CA55B /* FSFoodListCell.swift */ = {isa = PBXFileReference; fileEncoding = 4; lastKnownFileType = sourcecode.swift; name = FSFoodListCell.swift; path = ../../../FoodSubject/homePage/views/FSFoodListCell.swift; sourceTree = "<group>"; };
		BCF80B741D67316C001CA55B /* FSFoodListCell.xib */ = {isa = PBXFileReference; fileEncoding = 4; lastKnownFileType = file.xib; name = FSFoodListCell.xib; path = ../../../FoodSubject/homePage/views/FSFoodListCell.xib; sourceTree = "<group>"; };
		BCF80B771D673D4B001CA55B /* xin.png */ = {isa = PBXFileReference; lastKnownFileType = image.png; name = xin.png; path = ../../classes/FoodSubject/homePage/controllers/xin.png; sourceTree = "<group>"; };
		BCF80B791D6742DB001CA55B /* sdefaultImage.png */ = {isa = PBXFileReference; lastKnownFileType = image.png; name = sdefaultImage.png; path = ../../classes/FoodSubject/homePage/views/sdefaultImage.png; sourceTree = "<group>"; };
		FD95A70C8024870AFE5A5A4F /* Pods-FinestFood.release.xcconfig */ = {isa = PBXFileReference; includeInIndex = 1; lastKnownFileType = text.xcconfig; name = "Pods-FinestFood.release.xcconfig"; path = "Pods/Target Support Files/Pods-FinestFood/Pods-FinestFood.release.xcconfig"; sourceTree = "<group>"; };
/* End PBXFileReference section */

/* Begin PBXFrameworksBuildPhase section */
		BC1AE5711D61D93400620531 /* Frameworks */ = {
			isa = PBXFrameworksBuildPhase;
			buildActionMask = 2147483647;
			files = (
				BF94887BC4B172C1983B1703 /* Pods_FinestFood.framework in Frameworks */,
			);
			runOnlyForDeploymentPostprocessing = 0;
		};
		BC1AE5851D61D93500620531 /* Frameworks */ = {
			isa = PBXFrameworksBuildPhase;
			buildActionMask = 2147483647;
			files = (
			);
			runOnlyForDeploymentPostprocessing = 0;
		};
		BC1AE5901D61D93500620531 /* Frameworks */ = {
			isa = PBXFrameworksBuildPhase;
			buildActionMask = 2147483647;
			files = (
			);
			runOnlyForDeploymentPostprocessing = 0;
		};
/* End PBXFrameworksBuildPhase section */

/* Begin PBXGroup section */
		731B7B49A4F2B92879988788 /* Pods */ = {
			isa = PBXGroup;
			children = (
				5C577F1872D7854C05E757F1 /* Pods-FinestFood.debug.xcconfig */,
				FD95A70C8024870AFE5A5A4F /* Pods-FinestFood.release.xcconfig */,
			);
			name = Pods;
			sourceTree = "<group>";
		};
		A6D337AD440712115F510D17 /* Frameworks */ = {
			isa = PBXGroup;
			children = (
				B6FC5548DE928ADA561DF06B /* Pods_FinestFood.framework */,
			);
			name = Frameworks;
			sourceTree = "<group>";
		};
		BC1AE56B1D61D93400620531 = {
			isa = PBXGroup;
			children = (
				BC1AE5761D61D93400620531 /* FinestFood */,
				BC1AE58B1D61D93500620531 /* FinestFoodTests */,
				BC1AE5961D61D93500620531 /* FinestFoodUITests */,
				BC1AE5751D61D93400620531 /* Products */,
				731B7B49A4F2B92879988788 /* Pods */,
				A6D337AD440712115F510D17 /* Frameworks */,
			);
			sourceTree = "<group>";
		};
		BC1AE5751D61D93400620531 /* Products */ = {
			isa = PBXGroup;
			children = (
				BC1AE5741D61D93400620531 /* FinestFood.app */,
				BC1AE5881D61D93500620531 /* FinestFoodTests.xctest */,
				BC1AE5931D61D93500620531 /* FinestFoodUITests.xctest */,
			);
			name = Products;
			sourceTree = "<group>";
		};
		BC1AE5761D61D93400620531 /* FinestFood */ = {
			isa = PBXGroup;
			children = (
				BC1AE5A51D61DDA100620531 /* classes */,
				BC1AE5C01D61DDA100620531 /* resources */,
				BC1AE5771D61D93400620531 /* AppDelegate.swift */,
				BC1AE5791D61D93400620531 /* ViewController.swift */,
				BC1AE57B1D61D93400620531 /* Main.storyboard */,
				BC1AE57E1D61D93400620531 /* Assets.xcassets */,
				BC1AE5801D61D93400620531 /* LaunchScreen.storyboard */,
				BC1AE5831D61D93500620531 /* Info.plist */,
			);
			path = FinestFood;
			sourceTree = "<group>";
		};
		BC1AE58B1D61D93500620531 /* FinestFoodTests */ = {
			isa = PBXGroup;
			children = (
				BC1AE58C1D61D93500620531 /* FinestFoodTests.swift */,
				BC1AE58E1D61D93500620531 /* Info.plist */,
			);
			path = FinestFoodTests;
			sourceTree = "<group>";
		};
		BC1AE5961D61D93500620531 /* FinestFoodUITests */ = {
			isa = PBXGroup;
			children = (
				BC1AE5971D61D93500620531 /* FinestFoodUITests.swift */,
				BC1AE5991D61D93500620531 /* Info.plist */,
			);
			path = FinestFoodUITests;
			sourceTree = "<group>";
		};
		BC1AE5A51D61DDA100620531 /* classes */ = {
			isa = PBXGroup;
			children = (
				BC273CD31D6332A7008839EE /* common */,
				BC273CCE1D6332A0008839EE /* FoodSubject */,
				BC273CC91D633298008839EE /* FoodList */,
				BC273CC41D63328D008839EE /* Category */,
				BC273CBF1D633284008839EE /* More */,
				BC273CBA1D63327D008839EE /* Mine */,
			);
			path = classes;
			sourceTree = "<group>";
		};
		BC1AE5C01D61DDA100620531 /* resources */ = {
			isa = PBXGroup;
			children = (
				BCF80B7B1D674317001CA55B /* commom */,
				BC273CF01D6339EC008839EE /* nav */,
				BC273CF91D6339EC008839EE /* tabbar */,
			);
			path = resources;
			sourceTree = "<group>";
		};
		BC273CBA1D63327D008839EE /* Mine */ = {
			isa = PBXGroup;
			children = (
				BC273CBB1D63327D008839EE /* homePage */,
			);
			path = Mine;
			sourceTree = "<group>";
		};
		BC273CBB1D63327D008839EE /* homePage */ = {
			isa = PBXGroup;
			children = (
				BC273CBC1D63327D008839EE /* controllers */,
				BC273CBD1D63327D008839EE /* models */,
				BC273CBE1D63327D008839EE /* views */,
			);
			path = homePage;
			sourceTree = "<group>";
		};
		BC273CBC1D63327D008839EE /* controllers */ = {
			isa = PBXGroup;
			children = (
				BC273CEE1D633371008839EE /* MineViewController.swift */,
			);
			path = controllers;
			sourceTree = "<group>";
		};
		BC273CBD1D63327D008839EE /* models */ = {
			isa = PBXGroup;
			children = (
			);
			path = models;
			sourceTree = "<group>";
		};
		BC273CBE1D63327D008839EE /* views */ = {
			isa = PBXGroup;
			children = (
				BCCF33851D6B4299009A9EB8 /* mineProfileBg.png */,
				BCCF33811D6B41B1009A9EB8 /* profileImage.png */,
				BCCF337F1D6B4143009A9EB8 /* alert.png */,
				BCCF337D1D6B40E7009A9EB8 /* setting.png */,
				BCCF33871D6B4313009A9EB8 /* mineShixin.png */,
				BCCF33791D6B3CC9009A9EB8 /* MineProfileCell.swift */,
				BCCF337A1D6B3CC9009A9EB8 /* MineProfileCell.xib */,
			);
			path = views;
			sourceTree = "<group>";
		};
		BC273CBF1D633284008839EE /* More */ = {
			isa = PBXGroup;
			children = (
				BC273CC01D633284008839EE /* homePage */,
			);
			path = More;
			sourceTree = "<group>";
		};
		BC273CC01D633284008839EE /* homePage */ = {
			isa = PBXGroup;
			children = (
				BC273CC11D633284008839EE /* controllers */,
				BC273CC21D633284008839EE /* models */,
				BC273CC31D633284008839EE /* views */,
			);
			path = homePage;
			sourceTree = "<group>";
		};
		BC273CC11D633284008839EE /* controllers */ = {
			isa = PBXGroup;
			children = (
				BC273CEA1D633336008839EE /* MoreViewController.swift */,
			);
			path = controllers;
			sourceTree = "<group>";
		};
		BC273CC21D633284008839EE /* models */ = {
			isa = PBXGroup;
			children = (
			);
			path = models;
			sourceTree = "<group>";
		};
		BC273CC31D633284008839EE /* views */ = {
			isa = PBXGroup;
			children = (
			);
			path = views;
			sourceTree = "<group>";
		};
		BC273CC41D63328D008839EE /* Category */ = {
			isa = PBXGroup;
			children = (
				BC273CC51D63328D008839EE /* homePage */,
			);
			path = Category;
			sourceTree = "<group>";
		};
		BC273CC51D63328D008839EE /* homePage */ = {
			isa = PBXGroup;
			children = (
				BC273CC61D63328D008839EE /* controllers */,
				BC273CC71D63328D008839EE /* models */,
				BC273CC81D63328D008839EE /* views */,
			);
			path = homePage;
			sourceTree = "<group>";
		};
		BC273CC61D63328D008839EE /* controllers */ = {
			isa = PBXGroup;
			children = (
				BC273CE81D633329008839EE /* CategoryViewController.swift */,
			);
			path = controllers;
			sourceTree = "<group>";
		};
		BC273CC71D63328D008839EE /* models */ = {
			isa = PBXGroup;
			children = (
				BC85E82F1D67F91A0036480F /* CGCollectionsModel.swift */,
				BC85E8311D67FC5A0036480F /* CGHomeOutModel.swift */,
			);
			path = models;
			sourceTree = "<group>";
		};
		BC273CC81D63328D008839EE /* views */ = {
			isa = PBXGroup;
			children = (
				BC85E8331D68041B0036480F /* CGSubjectCell.swift */,
				BC85E8341D68041B0036480F /* CGSubjectCell.xib */,
				BC85E8371D6813D70036480F /* CGHomeOutCell.swift */,
			);
			path = views;
			sourceTree = "<group>";
		};
		BC273CC91D633298008839EE /* FoodList */ = {
			isa = PBXGroup;
			children = (
				BC273CCA1D633298008839EE /* homePage */,
			);
			path = FoodList;
			sourceTree = "<group>";
		};
		BC273CCA1D633298008839EE /* homePage */ = {
			isa = PBXGroup;
			children = (
				BC273CCB1D633298008839EE /* controllers */,
				BC273CCC1D633298008839EE /* models */,
				BC273CCD1D633298008839EE /* views */,
			);
			path = homePage;
			sourceTree = "<group>";
		};
		BC273CCB1D633298008839EE /* controllers */ = {
			isa = PBXGroup;
			children = (
				BC273CE41D6332ED008839EE /* FoodListViewController.swift */,
			);
			path = controllers;
			sourceTree = "<group>";
		};
		BC273CCC1D633298008839EE /* models */ = {
			isa = PBXGroup;
			children = (
				BC7061E71D65D41000046459 /* FoodListItemModel.swift */,
			);
			path = models;
			sourceTree = "<group>";
		};
		BC273CCD1D633298008839EE /* views */ = {
			isa = PBXGroup;
			children = (
				BCF80B731D67316C001CA55B /* FSFoodListCell.swift */,
				BCF80B741D67316C001CA55B /* FSFoodListCell.xib */,
			);
			path = views;
			sourceTree = "<group>";
		};
		BC273CCE1D6332A0008839EE /* FoodSubject */ = {
			isa = PBXGroup;
			children = (
				BC92EE121D6BD171003E6094 /* FSScrollViewList */,
				BC273CCF1D6332A0008839EE /* homePage */,
			);
			path = FoodSubject;
			sourceTree = "<group>";
		};
		BC273CCF1D6332A0008839EE /* homePage */ = {
			isa = PBXGroup;
			children = (
				BC273CD01D6332A0008839EE /* controllers */,
				BC273CD11D6332A0008839EE /* models */,
				BC273CD21D6332A0008839EE /* views */,
			);
			path = homePage;
			sourceTree = "<group>";
		};
		BC273CD01D6332A0008839EE /* controllers */ = {
			isa = PBXGroup;
			children = (
				BC273CE61D63330F008839EE /* FoodSubjectViewController.swift */,
				BCCA1DC71D6D8D5D0031F7C1 /* FoodDetailViewController.swift */,
			);
			path = controllers;
			sourceTree = "<group>";
		};
		BC273CD11D6332A0008839EE /* models */ = {
			isa = PBXGroup;
			children = (
				BC273D321D634B69008839EE /* FSScrollViewDataModel.swift */,
				BCADC0681D64A6A60086605C /* FSFoodListModel.swift */,
				BC92EE571D6C3E24003E6094 /* FSFoodMoreListModel.swift */,
				BCCA1DC91D6D93480031F7C1 /* FoodDetailModel.swift */,
			);
			path = models;
			sourceTree = "<group>";
		};
		BC273CD21D6332A0008839EE /* views */ = {
			isa = PBXGroup;
			children = (
				BCADC05E1D64810F0086605C /* FoodSubjectListView.swift */,
				BCADC0601D6489FE0086605C /* FSAdCell.swift */,
				BCADC0611D6489FE0086605C /* FSAdCell.xib */,
				BCADC0641D649D430086605C /* FoodListCell.swift */,
				BCADC0651D649D430086605C /* FoodListCell.xib */,
				BC92EE4F1D6C32A7003E6094 /* FoodMoreListView.swift */,
				BC92EE511D6C32D8003E6094 /* FoodMoreListCell.swift */,
				BC92EE521D6C32D8003E6094 /* FoodMoreListCell.xib */,
				BCCA1DCB1D6D9F260031F7C1 /* FoodDetailCell.swift */,
				BCCA1DCC1D6D9F260031F7C1 /* FoodDetailCell.xib */,
				BCCA1DD51D6DC5520031F7C1 /* fdshare.png */,
				BCCA1DD31D6DC5190031F7C1 /* fdlikes.png */,
				BCCA1DD71D6DC6060031F7C1 /* fdcomment.png */,
				BCCA1DD91D6DC7C40031F7C1 /* FoodDetailWebCell.swift */,
			);
			path = views;
			sourceTree = "<group>";
		};
		BC273CD31D6332A7008839EE /* common */ = {
			isa = PBXGroup;
			children = (
				BC273CD41D6332A7008839EE /* BaseViewController.swift */,
				BC273CD51D6332A7008839EE /* Constant.swift */,
				BC273CD61D6332A7008839EE /* MainTabBarController.swift */,
				BC273CD71D6332A7008839EE /* MyDownloader.swift */,
				BC273CD91D6332A7008839EE /* UIButton+Util.swift */,
				BC273CDA1D6332A7008839EE /* UIImageView+Util.swift */,
				BC273CDB1D6332A7008839EE /* UILabel+Util.swift */,
				BCADC05A1D6459130086605C /* UIView+Util.swift */,
				BC92EE551D6C34A8003E6094 /* Util.swift */,
			);
			path = common;
			sourceTree = "<group>";
		};
		BC273CF01D6339EC008839EE /* nav */ = {
			isa = PBXGroup;
			children = (
				BC273CF11D6339EC008839EE /* nav_back_black.png */,
				BC273CF21D6339EC008839EE /* nav_back_white.png */,
				BC273CF31D6339EC008839EE /* navBar.png */,
				BC273CF41D6339EC008839EE /* navBtn_bag.png */,
				BC273CF51D6339EC008839EE /* saoyisao@2x.png */,
				BC273CF61D6339EC008839EE /* saoyisao@3x.png */,
				BC273CF71D6339EC008839EE /* search@2x.png */,
				BC273CF81D6339EC008839EE /* search@3x.png */,
			);
			path = nav;
			sourceTree = "<group>";
		};
		BC273CF91D6339EC008839EE /* tabbar */ = {
			isa = PBXGroup;
			children = (
				BC273CFA1D6339EC008839EE /* community_normal@2x.png */,
				BC273CFB1D6339EC008839EE /* community_normal@3x.png */,
				BC273CFC1D6339EC008839EE /* community_select@2x.png */,
				BC273CFD1D6339EC008839EE /* community_select@3x.png */,
				BC273CFE1D6339EC008839EE /* home_normal@2x.png */,
				BC273CFF1D6339EC008839EE /* home_normal@3x.png */,
				BC273D001D6339EC008839EE /* home_select@2x.png */,
				BC273D011D6339EC008839EE /* home_select@3x.png */,
				BC273D021D6339EC008839EE /* mine_normal@2x.png */,
				BC273D031D6339EC008839EE /* mine_normal@3x.png */,
				BC273D041D6339EC008839EE /* mine_select@2x.png */,
				BC273D051D6339EC008839EE /* mine_select@3x.png */,
				BC273D061D6339EC008839EE /* report_normal@2x.png */,
				BC273D071D6339EC008839EE /* report_normal@3x.png */,
				BC273D081D6339EC008839EE /* report_select@2x.png */,
				BC273D091D6339EC008839EE /* report_select@3x.png */,
				BC273D0A1D6339ED008839EE /* shike_normal@2x.png */,
				BC273D0B1D6339ED008839EE /* shike_normal@3x.png */,
				BC273D0C1D6339ED008839EE /* shike_select@2x.png */,
				BC273D0D1D6339ED008839EE /* shike_select@3x.png */,
				BC273D0E1D6339ED008839EE /* shop_normal@2x.png */,
				BC273D0F1D6339ED008839EE /* shop_normal@3x.png */,
				BC273D101D6339ED008839EE /* shop_select@2x.png */,
				BC273D111D6339ED008839EE /* shop_select@3x.png */,
			);
			path = tabbar;
			sourceTree = "<group>";
		};
		BC92EE121D6BD171003E6094 /* FSScrollViewList */ = {
			isa = PBXGroup;
			children = (
				BC92EE131D6BD171003E6094 /* controllers */,
				BC92EE141D6BD171003E6094 /* models */,
				BC92EE151D6BD171003E6094 /* views */,
			);
			path = FSScrollViewList;
			sourceTree = "<group>";
		};
		BC92EE131D6BD171003E6094 /* controllers */ = {
			isa = PBXGroup;
			children = (
				BC92EE161D6BD1C2003E6094 /* FSScrollViewListViewController.swift */,
			);
			path = controllers;
			sourceTree = "<group>";
		};
		BC92EE141D6BD171003E6094 /* models */ = {
			isa = PBXGroup;
			children = (
			);
			path = models;
			sourceTree = "<group>";
		};
		BC92EE151D6BD171003E6094 /* views */ = {
			isa = PBXGroup;
			children = (
			);
			path = views;
			sourceTree = "<group>";
		};
		BCF80B7B1D674317001CA55B /* commom */ = {
			isa = PBXGroup;
			children = (
				BCADC05C1D646AE50086605C /* jiantou.png */,
				BC70616F1D65340800046459 /* shixin.png */,
				BCF80B711D673046001CA55B /* xin.jpg */,
				BCF80B771D673D4B001CA55B /* xin.png */,
				BCF80B791D6742DB001CA55B /* sdefaultImage.png */,
			);
			path = commom;
			sourceTree = "<group>";
		};
/* End PBXGroup section */

/* Begin PBXNativeTarget section */
		BC1AE5731D61D93400620531 /* FinestFood */ = {
			isa = PBXNativeTarget;
			buildConfigurationList = BC1AE59C1D61D93500620531 /* Build configuration list for PBXNativeTarget "FinestFood" */;
			buildPhases = (
				8C8A4AA1D55FF70CAD241962 /* [CP] Check Pods Manifest.lock */,
				BC1AE5701D61D93400620531 /* Sources */,
				BC1AE5711D61D93400620531 /* Frameworks */,
				BC1AE5721D61D93400620531 /* Resources */,
				4ADB78C62981298CAA0F2983 /* [CP] Embed Pods Frameworks */,
				599EB9543FFB315755193498 /* [CP] Copy Pods Resources */,
			);
			buildRules = (
			);
			dependencies = (
			);
			name = FinestFood;
			productName = FinestFood;
			productReference = BC1AE5741D61D93400620531 /* FinestFood.app */;
			productType = "com.apple.product-type.application";
		};
		BC1AE5871D61D93500620531 /* FinestFoodTests */ = {
			isa = PBXNativeTarget;
			buildConfigurationList = BC1AE59F1D61D93500620531 /* Build configuration list for PBXNativeTarget "FinestFoodTests" */;
			buildPhases = (
				BC1AE5841D61D93500620531 /* Sources */,
				BC1AE5851D61D93500620531 /* Frameworks */,
				BC1AE5861D61D93500620531 /* Resources */,
			);
			buildRules = (
			);
			dependencies = (
				BC1AE58A1D61D93500620531 /* PBXTargetDependency */,
			);
			name = FinestFoodTests;
			productName = FinestFoodTests;
			productReference = BC1AE5881D61D93500620531 /* FinestFoodTests.xctest */;
			productType = "com.apple.product-type.bundle.unit-test";
		};
		BC1AE5921D61D93500620531 /* FinestFoodUITests */ = {
			isa = PBXNativeTarget;
			buildConfigurationList = BC1AE5A21D61D93500620531 /* Build configuration list for PBXNativeTarget "FinestFoodUITests" */;
			buildPhases = (
				BC1AE58F1D61D93500620531 /* Sources */,
				BC1AE5901D61D93500620531 /* Frameworks */,
				BC1AE5911D61D93500620531 /* Resources */,
			);
			buildRules = (
			);
			dependencies = (
				BC1AE5951D61D93500620531 /* PBXTargetDependency */,
			);
			name = FinestFoodUITests;
			productName = FinestFoodUITests;
			productReference = BC1AE5931D61D93500620531 /* FinestFoodUITests.xctest */;
			productType = "com.apple.product-type.bundle.ui-testing";
		};
/* End PBXNativeTarget section */

/* Begin PBXProject section */
		BC1AE56C1D61D93400620531 /* Project object */ = {
			isa = PBXProject;
			attributes = {
				LastSwiftUpdateCheck = 0730;
				LastUpgradeCheck = 0730;
				ORGANIZATIONNAME = qianfeng;
				TargetAttributes = {
					BC1AE5731D61D93400620531 = {
						CreatedOnToolsVersion = 7.3.1;
					};
					BC1AE5871D61D93500620531 = {
						CreatedOnToolsVersion = 7.3.1;
						TestTargetID = BC1AE5731D61D93400620531;
					};
					BC1AE5921D61D93500620531 = {
						CreatedOnToolsVersion = 7.3.1;
						TestTargetID = BC1AE5731D61D93400620531;
					};
				};
			};
			buildConfigurationList = BC1AE56F1D61D93400620531 /* Build configuration list for PBXProject "FinestFood" */;
			compatibilityVersion = "Xcode 3.2";
			developmentRegion = English;
			hasScannedForEncodings = 0;
			knownRegions = (
				en,
				Base,
			);
			mainGroup = BC1AE56B1D61D93400620531;
			productRefGroup = BC1AE5751D61D93400620531 /* Products */;
			projectDirPath = "";
			projectRoot = "";
			targets = (
				BC1AE5731D61D93400620531 /* FinestFood */,
				BC1AE5871D61D93500620531 /* FinestFoodTests */,
				BC1AE5921D61D93500620531 /* FinestFoodUITests */,
			);
		};
/* End PBXProject section */

/* Begin PBXResourcesBuildPhase section */
		BC1AE5721D61D93400620531 /* Resources */ = {
			isa = PBXResourcesBuildPhase;
			buildActionMask = 2147483647;
			files = (
				BCCA1DD81D6DC6060031F7C1 /* fdcomment.png in Resources */,
				BC273D1E1D6339ED008839EE /* home_normal@2x.png in Resources */,
				BC273D1C1D6339ED008839EE /* community_select@2x.png in Resources */,
				BC273D231D6339ED008839EE /* mine_normal@3x.png in Resources */,
				BC273D2F1D6339ED008839EE /* shop_normal@3x.png in Resources */,
				BCCF33801D6B4143009A9EB8 /* alert.png in Resources */,
				BC273D2D1D6339ED008839EE /* shike_select@3x.png in Resources */,
				BC273D241D6339ED008839EE /* mine_select@2x.png in Resources */,
				BC273D291D6339ED008839EE /* report_select@3x.png in Resources */,
				BC273D2C1D6339ED008839EE /* shike_select@2x.png in Resources */,
				BC7061701D65340800046459 /* shixin.png in Resources */,
				BCCF337E1D6B40E7009A9EB8 /* setting.png in Resources */,
				BCCF337C1D6B3CC9009A9EB8 /* MineProfileCell.xib in Resources */,
				BC273D1F1D6339ED008839EE /* home_normal@3x.png in Resources */,
				BCADC0671D649D430086605C /* FoodListCell.xib in Resources */,
				BC273D171D6339ED008839EE /* saoyisao@3x.png in Resources */,
				BC1AE5821D61D93400620531 /* LaunchScreen.storyboard in Resources */,
				BC273D141D6339ED008839EE /* navBar.png in Resources */,
				BC273D1D1D6339ED008839EE /* community_select@3x.png in Resources */,
				BC273D211D6339ED008839EE /* home_select@3x.png in Resources */,
				BC273D151D6339ED008839EE /* navBtn_bag.png in Resources */,
				BC1AE57F1D61D93400620531 /* Assets.xcassets in Resources */,
				BC273D161D6339ED008839EE /* saoyisao@2x.png in Resources */,
				BCCA1DD41D6DC5190031F7C1 /* fdlikes.png in Resources */,
				BCCA1DCE1D6D9F260031F7C1 /* FoodDetailCell.xib in Resources */,
				BCCA1DD61D6DC5520031F7C1 /* fdshare.png in Resources */,
				BC273D261D6339ED008839EE /* report_normal@2x.png in Resources */,
				BC273D2E1D6339ED008839EE /* shop_normal@2x.png in Resources */,
				BC273D121D6339ED008839EE /* nav_back_black.png in Resources */,
				BC273D2A1D6339ED008839EE /* shike_normal@2x.png in Resources */,
				BC1AE57D1D61D93400620531 /* Main.storyboard in Resources */,
				BCCF33861D6B4299009A9EB8 /* mineProfileBg.png in Resources */,
				BC85E8361D68041B0036480F /* CGSubjectCell.xib in Resources */,
				BC273D301D6339ED008839EE /* shop_select@2x.png in Resources */,
				BCCF33881D6B4313009A9EB8 /* mineShixin.png in Resources */,
				BCADC0631D6489FE0086605C /* FSAdCell.xib in Resources */,
				BC273D271D6339ED008839EE /* report_normal@3x.png in Resources */,
				BCF80B781D673D4B001CA55B /* xin.png in Resources */,
				BCADC05D1D646AE50086605C /* jiantou.png in Resources */,
				BC273D1B1D6339ED008839EE /* community_normal@3x.png in Resources */,
				BC273D181D6339ED008839EE /* search@2x.png in Resources */,
				BC273D1A1D6339ED008839EE /* community_normal@2x.png in Resources */,
				BC273D251D6339ED008839EE /* mine_select@3x.png in Resources */,
				BC92EE541D6C32D8003E6094 /* FoodMoreListCell.xib in Resources */,
				BC273D221D6339ED008839EE /* mine_normal@2x.png in Resources */,
				BC273D311D6339ED008839EE /* shop_select@3x.png in Resources */,
				BC273D281D6339ED008839EE /* report_select@2x.png in Resources */,
				BCF80B761D67316C001CA55B /* FSFoodListCell.xib in Resources */,
				BC273D201D6339ED008839EE /* home_select@2x.png in Resources */,
				BC273D191D6339ED008839EE /* search@3x.png in Resources */,
				BC273D2B1D6339ED008839EE /* shike_normal@3x.png in Resources */,
				BCCF33821D6B41B1009A9EB8 /* profileImage.png in Resources */,
				BCF80B7A1D6742DB001CA55B /* sdefaultImage.png in Resources */,
				BCF80B721D673046001CA55B /* xin.jpg in Resources */,
				BC273D131D6339ED008839EE /* nav_back_white.png in Resources */,
			);
			runOnlyForDeploymentPostprocessing = 0;
		};
		BC1AE5861D61D93500620531 /* Resources */ = {
			isa = PBXResourcesBuildPhase;
			buildActionMask = 2147483647;
			files = (
			);
			runOnlyForDeploymentPostprocessing = 0;
		};
		BC1AE5911D61D93500620531 /* Resources */ = {
			isa = PBXResourcesBuildPhase;
			buildActionMask = 2147483647;
			files = (
			);
			runOnlyForDeploymentPostprocessing = 0;
		};
/* End PBXResourcesBuildPhase section */

/* Begin PBXShellScriptBuildPhase section */
		4ADB78C62981298CAA0F2983 /* [CP] Embed Pods Frameworks */ = {
			isa = PBXShellScriptBuildPhase;
			buildActionMask = 2147483647;
			files = (
			);
			inputPaths = (
			);
			name = "[CP] Embed Pods Frameworks";
			outputPaths = (
			);
			runOnlyForDeploymentPostprocessing = 0;
			shellPath = /bin/sh;
			shellScript = "\"${SRCROOT}/Pods/Target Support Files/Pods-FinestFood/Pods-FinestFood-frameworks.sh\"\n";
			showEnvVarsInLog = 0;
		};
		599EB9543FFB315755193498 /* [CP] Copy Pods Resources */ = {
			isa = PBXShellScriptBuildPhase;
			buildActionMask = 2147483647;
			files = (
			);
			inputPaths = (
			);
			name = "[CP] Copy Pods Resources";
			outputPaths = (
			);
			runOnlyForDeploymentPostprocessing = 0;
			shellPath = /bin/sh;
			shellScript = "\"${SRCROOT}/Pods/Target Support Files/Pods-FinestFood/Pods-FinestFood-resources.sh\"\n";
			showEnvVarsInLog = 0;
		};
		8C8A4AA1D55FF70CAD241962 /* [CP] Check Pods Manifest.lock */ = {
			isa = PBXShellScriptBuildPhase;
			buildActionMask = 2147483647;
			files = (
			);
			inputPaths = (
			);
			name = "[CP] Check Pods Manifest.lock";
			outputPaths = (
			);
			runOnlyForDeploymentPostprocessing = 0;
			shellPath = /bin/sh;
			shellScript = "diff \"${PODS_ROOT}/../Podfile.lock\" \"${PODS_ROOT}/Manifest.lock\" > /dev/null\nif [[ $? != 0 ]] ; then\n    cat << EOM\nerror: The sandbox is not in sync with the Podfile.lock. Run 'pod install' or update your CocoaPods installation.\nEOM\n    exit 1\nfi\n";
			showEnvVarsInLog = 0;
		};
/* End PBXShellScriptBuildPhase section */

/* Begin PBXSourcesBuildPhase section */
		BC1AE5701D61D93400620531 /* Sources */ = {
			isa = PBXSourcesBuildPhase;
			buildActionMask = 2147483647;
			files = (
				BC273CE31D6332A7008839EE /* UILabel+Util.swift in Sources */,
				BC273CE71D63330F008839EE /* FoodSubjectViewController.swift in Sources */,
				BC85E8301D67F91A0036480F /* CGCollectionsModel.swift in Sources */,
				BC85E8321D67FC5A0036480F /* CGHomeOutModel.swift in Sources */,
				BCADC06B1D64B3BA0086605C /* FSFoodListModel.swift in Sources */,
				BC1AE57A1D61D93400620531 /* ViewController.swift in Sources */,
				BCADC05F1D64810F0086605C /* FoodSubjectListView.swift in Sources */,
				BCCA1DDA1D6DC7C40031F7C1 /* FoodDetailWebCell.swift in Sources */,
				BC273CE11D6332A7008839EE /* UIButton+Util.swift in Sources */,
				BCADC0621D6489FE0086605C /* FSAdCell.swift in Sources */,
				BC273D331D634B69008839EE /* FSScrollViewDataModel.swift in Sources */,
				BC273CE51D6332ED008839EE /* FoodListViewController.swift in Sources */,
				BCCA1DCD1D6D9F260031F7C1 /* FoodDetailCell.swift in Sources */,
				BC92EE501D6C32A7003E6094 /* FoodMoreListView.swift in Sources */,
				BC1AE5781D61D93400620531 /* AppDelegate.swift in Sources */,
				BCADC0661D649D430086605C /* FoodListCell.swift in Sources */,
				BC273CE21D6332A7008839EE /* UIImageView+Util.swift in Sources */,
				BC273CEB1D633336008839EE /* MoreViewController.swift in Sources */,
				BCCA1DCA1D6D93480031F7C1 /* FoodDetailModel.swift in Sources */,
				BC7061E81D65D41000046459 /* FoodListItemModel.swift in Sources */,
				BC273CDF1D6332A7008839EE /* MyDownloader.swift in Sources */,
				BC273CDE1D6332A7008839EE /* MainTabBarController.swift in Sources */,
				BC85E8351D68041B0036480F /* CGSubjectCell.swift in Sources */,
				BC273CE91D633329008839EE /* CategoryViewController.swift in Sources */,
				BC92EE581D6C3E24003E6094 /* FSFoodMoreListModel.swift in Sources */,
				BC273CDC1D6332A7008839EE /* BaseViewController.swift in Sources */,
				BC273CDD1D6332A7008839EE /* Constant.swift in Sources */,
				BCCA1DC81D6D8D5D0031F7C1 /* FoodDetailViewController.swift in Sources */,
				BCCF337B1D6B3CC9009A9EB8 /* MineProfileCell.swift in Sources */,
				BCF80B751D67316C001CA55B /* FSFoodListCell.swift in Sources */,
				BC85E8391D6813D70036480F /* CGHomeOutCell.swift in Sources */,
				BC92EE171D6BD1C2003E6094 /* FSScrollViewListViewController.swift in Sources */,
				BCADC05B1D6459130086605C /* UIView+Util.swift in Sources */,
				BC92EE561D6C34A8003E6094 /* Util.swift in Sources */,
				BC92EE531D6C32D8003E6094 /* FoodMoreListCell.swift in Sources */,
				BC273CEF1D633371008839EE /* MineViewController.swift in Sources */,
			);
			runOnlyForDeploymentPostprocessing = 0;
		};
		BC1AE5841D61D93500620531 /* Sources */ = {
			isa = PBXSourcesBuildPhase;
			buildActionMask = 2147483647;
			files = (
				BC1AE58D1D61D93500620531 /* FinestFoodTests.swift in Sources */,
			);
			runOnlyForDeploymentPostprocessing = 0;
		};
		BC1AE58F1D61D93500620531 /* Sources */ = {
			isa = PBXSourcesBuildPhase;
			buildActionMask = 2147483647;
			files = (
				BC1AE5981D61D93500620531 /* FinestFoodUITests.swift in Sources */,
			);
			runOnlyForDeploymentPostprocessing = 0;
		};
/* End PBXSourcesBuildPhase section */

/* Begin PBXTargetDependency section */
		BC1AE58A1D61D93500620531 /* PBXTargetDependency */ = {
			isa = PBXTargetDependency;
			target = BC1AE5731D61D93400620531 /* FinestFood */;
			targetProxy = BC1AE5891D61D93500620531 /* PBXContainerItemProxy */;
		};
		BC1AE5951D61D93500620531 /* PBXTargetDependency */ = {
			isa = PBXTargetDependency;
			target = BC1AE5731D61D93400620531 /* FinestFood */;
			targetProxy = BC1AE5941D61D93500620531 /* PBXContainerItemProxy */;
		};
/* End PBXTargetDependency section */

/* Begin PBXVariantGroup section */
		BC1AE57B1D61D93400620531 /* Main.storyboard */ = {
			isa = PBXVariantGroup;
			children = (
				BC1AE57C1D61D93400620531 /* Base */,
			);
			name = Main.storyboard;
			sourceTree = "<group>";
		};
		BC1AE5801D61D93400620531 /* LaunchScreen.storyboard */ = {
			isa = PBXVariantGroup;
			children = (
				BC1AE5811D61D93400620531 /* Base */,
			);
			name = LaunchScreen.storyboard;
			sourceTree = "<group>";
		};
/* End PBXVariantGroup section */

/* Begin XCBuildConfiguration section */
		BC1AE59A1D61D93500620531 /* Debug */ = {
			isa = XCBuildConfiguration;
			buildSettings = {
				ALWAYS_SEARCH_USER_PATHS = NO;
				CLANG_ANALYZER_NONNULL = YES;
				CLANG_CXX_LANGUAGE_STANDARD = "gnu++0x";
				CLANG_CXX_LIBRARY = "libc++";
				CLANG_ENABLE_MODULES = YES;
				CLANG_ENABLE_OBJC_ARC = YES;
				CLANG_WARN_BOOL_CONVERSION = YES;
				CLANG_WARN_CONSTANT_CONVERSION = YES;
				CLANG_WARN_DIRECT_OBJC_ISA_USAGE = YES_ERROR;
				CLANG_WARN_EMPTY_BODY = YES;
				CLANG_WARN_ENUM_CONVERSION = YES;
				CLANG_WARN_INT_CONVERSION = YES;
				CLANG_WARN_OBJC_ROOT_CLASS = YES_ERROR;
				CLANG_WARN_UNREACHABLE_CODE = YES;
				CLANG_WARN__DUPLICATE_METHOD_MATCH = YES;
				"CODE_SIGN_IDENTITY[sdk=iphoneos*]" = "iPhone Developer";
				COPY_PHASE_STRIP = NO;
				DEBUG_INFORMATION_FORMAT = dwarf;
				ENABLE_STRICT_OBJC_MSGSEND = YES;
				ENABLE_TESTABILITY = YES;
				GCC_C_LANGUAGE_STANDARD = gnu99;
				GCC_DYNAMIC_NO_PIC = NO;
				GCC_NO_COMMON_BLOCKS = YES;
				GCC_OPTIMIZATION_LEVEL = 0;
				GCC_PREPROCESSOR_DEFINITIONS = (
					"DEBUG=1",
					"$(inherited)",
				);
				GCC_WARN_64_TO_32_BIT_CONVERSION = YES;
				GCC_WARN_ABOUT_RETURN_TYPE = YES_ERROR;
				GCC_WARN_UNDECLARED_SELECTOR = YES;
				GCC_WARN_UNINITIALIZED_AUTOS = YES_AGGRESSIVE;
				GCC_WARN_UNUSED_FUNCTION = YES;
				GCC_WARN_UNUSED_VARIABLE = YES;
				IPHONEOS_DEPLOYMENT_TARGET = 9.3;
				MTL_ENABLE_DEBUG_INFO = YES;
				ONLY_ACTIVE_ARCH = YES;
				SDKROOT = iphoneos;
				SWIFT_OPTIMIZATION_LEVEL = "-Onone";
			};
			name = Debug;
		};
		BC1AE59B1D61D93500620531 /* Release */ = {
			isa = XCBuildConfiguration;
			buildSettings = {
				ALWAYS_SEARCH_USER_PATHS = NO;
				CLANG_ANALYZER_NONNULL = YES;
				CLANG_CXX_LANGUAGE_STANDARD = "gnu++0x";
				CLANG_CXX_LIBRARY = "libc++";
				CLANG_ENABLE_MODULES = YES;
				CLANG_ENABLE_OBJC_ARC = YES;
				CLANG_WARN_BOOL_CONVERSION = YES;
				CLANG_WARN_CONSTANT_CONVERSION = YES;
				CLANG_WARN_DIRECT_OBJC_ISA_USAGE = YES_ERROR;
				CLANG_WARN_EMPTY_BODY = YES;
				CLANG_WARN_ENUM_CONVERSION = YES;
				CLANG_WARN_INT_CONVERSION = YES;
				CLANG_WARN_OBJC_ROOT_CLASS = YES_ERROR;
				CLANG_WARN_UNREACHABLE_CODE = YES;
				CLANG_WARN__DUPLICATE_METHOD_MATCH = YES;
				"CODE_SIGN_IDENTITY[sdk=iphoneos*]" = "iPhone Developer";
				COPY_PHASE_STRIP = NO;
				DEBUG_INFORMATION_FORMAT = "dwarf-with-dsym";
				ENABLE_NS_ASSERTIONS = NO;
				ENABLE_STRICT_OBJC_MSGSEND = YES;
				GCC_C_LANGUAGE_STANDARD = gnu99;
				GCC_NO_COMMON_BLOCKS = YES;
				GCC_WARN_64_TO_32_BIT_CONVERSION = YES;
				GCC_WARN_ABOUT_RETURN_TYPE = YES_ERROR;
				GCC_WARN_UNDECLARED_SELECTOR = YES;
				GCC_WARN_UNINITIALIZED_AUTOS = YES_AGGRESSIVE;
				GCC_WARN_UNUSED_FUNCTION = YES;
				GCC_WARN_UNUSED_VARIABLE = YES;
				IPHONEOS_DEPLOYMENT_TARGET = 9.3;
				MTL_ENABLE_DEBUG_INFO = NO;
				SDKROOT = iphoneos;
				VALIDATE_PRODUCT = YES;
			};
			name = Release;
		};
		BC1AE59D1D61D93500620531 /* Debug */ = {
			isa = XCBuildConfiguration;
			baseConfigurationReference = 5C577F1872D7854C05E757F1 /* Pods-FinestFood.debug.xcconfig */;
			buildSettings = {
				ASSETCATALOG_COMPILER_APPICON_NAME = AppIcon;
				INFOPLIST_FILE = FinestFood/Info.plist;
				LD_RUNPATH_SEARCH_PATHS = "$(inherited) @executable_path/Frameworks";
				PRODUCT_BUNDLE_IDENTIFIER = com.1606.FinestFood;
				PRODUCT_NAME = "$(TARGET_NAME)";
			};
			name = Debug;
		};
		BC1AE59E1D61D93500620531 /* Release */ = {
			isa = XCBuildConfiguration;
			baseConfigurationReference = FD95A70C8024870AFE5A5A4F /* Pods-FinestFood.release.xcconfig */;
			buildSettings = {
				ASSETCATALOG_COMPILER_APPICON_NAME = AppIcon;
				INFOPLIST_FILE = FinestFood/Info.plist;
				LD_RUNPATH_SEARCH_PATHS = "$(inherited) @executable_path/Frameworks";
				PRODUCT_BUNDLE_IDENTIFIER = com.1606.FinestFood;
				PRODUCT_NAME = "$(TARGET_NAME)";
			};
			name = Release;
		};
		BC1AE5A01D61D93500620531 /* Debug */ = {
			isa = XCBuildConfiguration;
			buildSettings = {
				BUNDLE_LOADER = "$(TEST_HOST)";
				INFOPLIST_FILE = FinestFoodTests/Info.plist;
				LD_RUNPATH_SEARCH_PATHS = "$(inherited) @executable_path/Frameworks @loader_path/Frameworks";
				PRODUCT_BUNDLE_IDENTIFIER = com.1606.FinestFoodTests;
				PRODUCT_NAME = "$(TARGET_NAME)";
				TEST_HOST = "$(BUILT_PRODUCTS_DIR)/FinestFood.app/FinestFood";
			};
			name = Debug;
		};
		BC1AE5A11D61D93500620531 /* Release */ = {
			isa = XCBuildConfiguration;
			buildSettings = {
				BUNDLE_LOADER = "$(TEST_HOST)";
				INFOPLIST_FILE = FinestFoodTests/Info.plist;
				LD_RUNPATH_SEARCH_PATHS = "$(inherited) @executable_path/Frameworks @loader_path/Frameworks";
				PRODUCT_BUNDLE_IDENTIFIER = com.1606.FinestFoodTests;
				PRODUCT_NAME = "$(TARGET_NAME)";
				TEST_HOST = "$(BUILT_PRODUCTS_DIR)/FinestFood.app/FinestFood";
			};
			name = Release;
		};
		BC1AE5A31D61D93500620531 /* Debug */ = {
			isa = XCBuildConfiguration;
			buildSettings = {
				INFOPLIST_FILE = FinestFoodUITests/Info.plist;
				LD_RUNPATH_SEARCH_PATHS = "$(inherited) @executable_path/Frameworks @loader_path/Frameworks";
				PRODUCT_BUNDLE_IDENTIFIER = com.1606.FinestFoodUITests;
				PRODUCT_NAME = "$(TARGET_NAME)";
				TEST_TARGET_NAME = FinestFood;
			};
			name = Debug;
		};
		BC1AE5A41D61D93500620531 /* Release */ = {
			isa = XCBuildConfiguration;
			buildSettings = {
				INFOPLIST_FILE = FinestFoodUITests/Info.plist;
				LD_RUNPATH_SEARCH_PATHS = "$(inherited) @executable_path/Frameworks @loader_path/Frameworks";
				PRODUCT_BUNDLE_IDENTIFIER = com.1606.FinestFoodUITests;
				PRODUCT_NAME = "$(TARGET_NAME)";
				TEST_TARGET_NAME = FinestFood;
			};
			name = Release;
		};
/* End XCBuildConfiguration section */

/* Begin XCConfigurationList section */
		BC1AE56F1D61D93400620531 /* Build configuration list for PBXProject "FinestFood" */ = {
			isa = XCConfigurationList;
			buildConfigurations = (
				BC1AE59A1D61D93500620531 /* Debug */,
				BC1AE59B1D61D93500620531 /* Release */,
			);
			defaultConfigurationIsVisible = 0;
			defaultConfigurationName = Release;
		};
		BC1AE59C1D61D93500620531 /* Build configuration list for PBXNativeTarget "FinestFood" */ = {
			isa = XCConfigurationList;
			buildConfigurations = (
				BC1AE59D1D61D93500620531 /* Debug */,
				BC1AE59E1D61D93500620531 /* Release */,
			);
			defaultConfigurationIsVisible = 0;
			defaultConfigurationName = Release;
		};
		BC1AE59F1D61D93500620531 /* Build configuration list for PBXNativeTarget "FinestFoodTests" */ = {
			isa = XCConfigurationList;
			buildConfigurations = (
				BC1AE5A01D61D93500620531 /* Debug */,
				BC1AE5A11D61D93500620531 /* Release */,
			);
			defaultConfigurationIsVisible = 0;
			defaultConfigurationName = Release;
		};
		BC1AE5A21D61D93500620531 /* Build configuration list for PBXNativeTarget "FinestFoodUITests" */ = {
			isa = XCConfigurationList;
			buildConfigurations = (
				BC1AE5A31D61D93500620531 /* Debug */,
				BC1AE5A41D61D93500620531 /* Release */,
			);
			defaultConfigurationIsVisible = 0;
			defaultConfigurationName = Release;
		};
/* End XCConfigurationList section */
	};
	rootObject = BC1AE56C1D61D93400620531 /* Project object */;
}
